
Microsoft Visual Studio Solution File, Format Version 12.00
# Visual Studio Version 17
VisualStudioVersion = 17.14.36915.13 d17.14
MinimumVisualStudioVersion = 10.0.40219.1
Project("{FAE04EC0-301F-11D3-BF4B-00C04F79EFBC}") = "GameManager.GUI", "GameManager.GUI.csproj", "{8BD6139E-BB05-4433-BE3C-453D3F9459F0}"
EndProject
Project("{FAE04EC0-301F-11D3-BF4B-00C04F79EFBC}") = "GameManager.DTO", "..\GameManager.DTO\GameManager.DTO.csproj", "{C5A0A01A-FADB-45B1-9ADD-ACCFE85D68A9}"
EndProject
Project("{FAE04EC0-301F-11D3-BF4B-00C04F79EFBC}") = "GameManager.DAL", "..\GameManager.DAL\GameManager.DAL.csproj", "{05B4F9E0-A1D5-4A1A-86F1-BB2148A313DE}"
EndProject
Project("{FAE04EC0-301F-11D3-BF4B-00C04F79EFBC}") = "GameManager.BLL", "..\GameManager.BLL\GameManager.BLL.csproj", "{435D0F2A-62EE-482C-82D5-5B7E039CB2FD}"
EndProject
Global
	GlobalSection(SolutionConfigurationPlatforms) = preSolution
		Debug|Any CPU = Debug|Any CPU
		Release|Any CPU = Release|Any CPU
	EndGlobalSection
	GlobalSection(ProjectConfigurationPlatforms) = postSolution
		{8BD6139E-BB05-4433-BE3C-453D3F9459F0}.Debug|Any CPU.ActiveCfg = Debug|Any CPU
		{8BD6139E-BB05-4433-BE3C-453D3F9459F0}.Debug|Any CPU.Build.0 = Debug|Any CPU
		{8BD6139E-BB05-4433-BE3C-453D3F9459F0}.Release|Any CPU.ActiveCfg = Release|Any CPU
		{8BD6139E-BB05-4433-BE3C-453D3F9459F0}.Release|Any CPU.Build.0 = Release|Any CPU
		{C5A0A01A-FADB-45B1-9ADD-ACCFE85D68A9}.Debug|Any CPU.ActiveCfg = Debug|Any CPU
		{C5A0A01A-FADB-45B1-9ADD-ACCFE85D68A9}.Debug|Any CPU.Build.0 = Debug|Any CPU
		{C5A0A01A-FADB-45B1-9ADD-ACCFE85D68A9}.Release|Any CPU.ActiveCfg = Release|Any CPU
		{C5A0A01A-FADB-45B1-9ADD-ACCFE85D68A9}.Release|Any CPU.Build.0 = Release|Any CPU
		{05B4F9E0-A1D5-4A1A-86F1-BB2148A313DE}.Debug|Any CPU.ActiveCfg = Debug|Any CPU
		{05B4F9E0-A1D5-4A1A-86F1-BB2148A313DE}.Debug|Any CPU.Build.0 = Debug|Any CPU
		{05B4F9E0-A1D5-4A1A-86F1-BB2148A313DE}.Release|Any CPU.ActiveCfg = Release|Any CPU
		{05B4F9E0-A1D5-4A1A-86F1-BB2148A313DE}.Release|Any CPU.Build.0 = Release|Any CPU
		{435D0F2A-62EE-482C-82D5-5B7E039CB2FD}.Debug|Any CPU.ActiveCfg = Debug|Any CPU
		{435D0F2A-62EE-482C-82D5-5B7E039CB2FD}.Debug|Any CPU.Build.0 = Debug|Any CPU
		{435D0F2A-62EE-482C-82D5-5B7E039CB2FD}.Release|Any CPU.ActiveCfg = Release|Any CPU
		{435D0F2A-62EE-482C-82D5-5B7E039CB2FD}.Release|Any CPU.Build.0 = Release|Any CPU
	EndGlobalSection
	GlobalSection(SolutionProperties) = preSolution
		HideSolutionNode = FALSE
	EndGlobalSection
	GlobalSection(ExtensibilityGlobals) = postSolution
		SolutionGuid = {DD0013CC-F270-4D68-842B-DE609E14AE9E}
	EndGlobalSection
EndGlobal
